// !$*UTF8*$!
{
	archiveVersion = 1;
	classes = {
	};
	objectVersion = 56;
	objects = {

/* Begin PBXBuildFile section */
		A1000001233456780000001 /* ClaudeUsageWidgetApp.swift in Sources */ = {isa = PBXBuildFile; fileRef = A1000001233456780000011 /* ClaudeUsageWidgetApp.swift */; };
		A1000001233456780000002 /* UsageData.swift in Sources */ = {isa = PBXBuildFile; fileRef = A1000001233456780000012 /* UsageData.swift */; };
		A100000123345678000000A /* Account.swift in Sources */ = {isa = PBXBuildFile; fileRef = A100000123345678000002D /* Account.swift */; };
		A1000001233456780000003 /* KeychainService.swift in Sources */ = {isa = PBXBuildFile; fileRef = A1000001233456780000013 /* KeychainService.swift */; };
		A100000123345678000000B /* TokenService.swift in Sources */ = {isa = PBXBuildFile; fileRef = A100000123345678000002E /* TokenService.swift */; };
		A100000123345678000000C /* FileCredentialService.swift in Sources */ = {isa = PBXBuildFile; fileRef = A100000123345678000002F /* FileCredentialService.swift */; };
		A1000001233456780000004 /* UsageAPIService.swift in Sources */ = {isa = PBXBuildFile; fileRef = A1000001233456780000014 /* UsageAPIService.swift */; };
		A1000001233456780000005 /* UsageViewModel.swift in Sources */ = {isa = PBXBuildFile; fileRef = A1000001233456780000015 /* UsageViewModel.swift */; };
		A1000001233456780000006 /* MenuBarView.swift in Sources */ = {isa = PBXBuildFile; fileRef = A1000001233456780000016 /* MenuBarView.swift */; };
		A1000001233456780000007 /* UsageProgressView.swift in Sources */ = {isa = PBXBuildFile; fileRef = A1000001233456780000017 /* UsageProgressView.swift */; };
		A1000001233456780000008 /* SettingsView.swift in Sources */ = {isa = PBXBuildFile; fileRef = A1000001233456780000018 /* SettingsView.swift */; };
		A1000001233456780000009 /* Assets.xcassets in Resources */ = {isa = PBXBuildFile; fileRef = A1000001233456780000019 /* Assets.xcassets */; };
		A100000123345678000003F /* TeamUsageData.swift in Sources */ = {isa = PBXBuildFile; fileRef = A1000001233456780000030 /* TeamUsageData.swift */; };
		A1000001233456780000040 /* AppSettings.swift in Sources */ = {isa = PBXBuildFile; fileRef = A1000001233456780000031 /* AppSettings.swift */; };
		A1000001233456780000041 /* AdminAPIService.swift in Sources */ = {isa = PBXBuildFile; fileRef = A1000001233456780000032 /* AdminAPIService.swift */; };
		A1000001233456780000042 /* TeamDashboardView.swift in Sources */ = {isa = PBXBuildFile; fileRef = A1000001233456780000033 /* TeamDashboardView.swift */; };
		A1000001233456780000043 /* SetupView.swift in Sources */ = {isa = PBXBuildFile; fileRef = A1000001233456780000034 /* SetupView.swift */; };
		A1000001233456780000044 /* AdminKeyInputView.swift in Sources */ = {isa = PBXBuildFile; fileRef = A1000001233456780000035 /* AdminKeyInputView.swift */; };
/* End PBXBuildFile section */

/* Begin PBXFileReference section */
		A1000001233456780000010 /* ClaudeUsageWidget.app */ = {isa = PBXFileReference; explicitFileType = wrapper.application; includeInIndex = 0; path = ClaudeUsageWidget.app; sourceTree = BUILT_PRODUCTS_DIR; };
		A1000001233456780000011 /* ClaudeUsageWidgetApp.swift */ = {isa = PBXFileReference; lastKnownFileType = sourcecode.swift; path = ClaudeUsageWidgetApp.swift; sourceTree = "<group>"; };
		A1000001233456780000012 /* UsageData.swift */ = {isa = PBXFileReference; lastKnownFileType = sourcecode.swift; path = UsageData.swift; sourceTree = "<group>"; };
		A100000123345678000002D /* Account.swift */ = {isa = PBXFileReference; lastKnownFileType = sourcecode.swift; path = Account.swift; sourceTree = "<group>"; };
		A1000001233456780000013 /* KeychainService.swift */ = {isa = PBXFileReference; lastKnownFileType = sourcecode.swift; path = KeychainService.swift; sourceTree = "<group>"; };
		A100000123345678000002E /* TokenService.swift */ = {isa = PBXFileReference; lastKnownFileType = sourcecode.swift; path = TokenService.swift; sourceTree = "<group>"; };
		A100000123345678000002F /* FileCredentialService.swift */ = {isa = PBXFileReference; lastKnownFileType = sourcecode.swift; path = FileCredentialService.swift; sourceTree = "<group>"; };
		A1000001233456780000014 /* UsageAPIService.swift */ = {isa = PBXFileReference; lastKnownFileType = sourcecode.swift; path = UsageAPIService.swift; sourceTree = "<group>"; };
		A1000001233456780000015 /* UsageViewModel.swift */ = {isa = PBXFileReference; lastKnownFileType = sourcecode.swift; path = UsageViewModel.swift; sourceTree = "<group>"; };
		A1000001233456780000016 /* MenuBarView.swift */ = {isa = PBXFileReference; lastKnownFileType = sourcecode.swift; path = MenuBarView.swift; sourceTree = "<group>"; };
		A1000001233456780000017 /* UsageProgressView.swift */ = {isa = PBXFileReference; lastKnownFileType = sourcecode.swift; path = UsageProgressView.swift; sourceTree = "<group>"; };
		A1000001233456780000018 /* SettingsView.swift */ = {isa = PBXFileReference; lastKnownFileType = sourcecode.swift; path = SettingsView.swift; sourceTree = "<group>"; };
		A1000001233456780000019 /* Assets.xcassets */ = {isa = PBXFileReference; lastKnownFileType = folder.assetcatalog; path = Assets.xcassets; sourceTree = "<group>"; };
		A100000123345678000001A /* ClaudeUsageWidget.entitlements */ = {isa = PBXFileReference; lastKnownFileType = text.plist.entitlements; path = ClaudeUsageWidget.entitlements; sourceTree = "<group>"; };
		A1000001233456780000030 /* TeamUsageData.swift */ = {isa = PBXFileReference; lastKnownFileType = sourcecode.swift; path = TeamUsageData.swift; sourceTree = "<group>"; };
		A1000001233456780000031 /* AppSettings.swift */ = {isa = PBXFileReference; lastKnownFileType = sourcecode.swift; path = AppSettings.swift; sourceTree = "<group>"; };
		A1000001233456780000032 /* AdminAPIService.swift */ = {isa = PBXFileReference; lastKnownFileType = sourcecode.swift; path = AdminAPIService.swift; sourceTree = "<group>"; };
		A1000001233456780000033 /* TeamDashboardView.swift */ = {isa = PBXFileReference; lastKnownFileType = sourcecode.swift; path = TeamDashboardView.swift; sourceTree = "<group>"; };
		A1000001233456780000034 /* SetupView.swift */ = {isa = PBXFileReference; lastKnownFileType = sourcecode.swift; path = SetupView.swift; sourceTree = "<group>"; };
		A1000001233456780000035 /* AdminKeyInputView.swift */ = {isa = PBXFileReference; lastKnownFileType = sourcecode.swift; path = AdminKeyInputView.swift; sourceTree = "<group>"; };
/* End PBXFileReference section */

/* Begin PBXFrameworksBuildPhase section */
		A100000123345678000001B /* Frameworks */ = {
			isa = PBXFrameworksBuildPhase;
			buildActionMask = 2147483647;
			files = (
			);
			runOnlyForDeploymentPostprocessing = 0;
		};
/* End PBXFrameworksBuildPhase section */

/* Begin PBXGroup section */
		A100000123345678000001C = {
			isa = PBXGroup;
			children = (
				A100000123345678000001D /* ClaudeUsageWidget */,
				A100000123345678000001E /* Products */,
			);
			sourceTree = "<group>";
		};
		A100000123345678000001D /* ClaudeUsageWidget */ = {
			isa = PBXGroup;
			children = (
				A1000001233456780000011 /* ClaudeUsageWidgetApp.swift */,
				A100000123345678000001F /* Models */,
				A1000001233456780000020 /* Services */,
				A1000001233456780000021 /* ViewModels */,
				A1000001233456780000022 /* Views */,
				A1000001233456780000019 /* Assets.xcassets */,
				A100000123345678000001A /* ClaudeUsageWidget.entitlements */,
			);
			path = ClaudeUsageWidget;
			sourceTree = "<group>";
		};
		A100000123345678000001E /* Products */ = {
			isa = PBXGroup;
			children = (
				A1000001233456780000010 /* ClaudeUsageWidget.app */,
			);
			name = Products;
			sourceTree = "<group>";
		};
		A100000123345678000001F /* Models */ = {
			isa = PBXGroup;
			children = (
				A1000001233456780000012 /* UsageData.swift */,
				A100000123345678000002D /* Account.swift */,
				A1000001233456780000030 /* TeamUsageData.swift */,
				A1000001233456780000031 /* AppSettings.swift */,
			);
			path = Models;
			sourceTree = "<group>";
		};
		A1000001233456780000020 /* Services */ = {
			isa = PBXGroup;
			children = (
				A1000001233456780000013 /* KeychainService.swift */,
				A100000123345678000002E /* TokenService.swift */,
				A100000123345678000002F /* FileCredentialService.swift */,
				A1000001233456780000014 /* UsageAPIService.swift */,
				A1000001233456780000032 /* AdminAPIService.swift */,
			);
			path = Services;
			sourceTree = "<group>";
		};
		A1000001233456780000021 /* ViewModels */ = {
			isa = PBXGroup;
			children = (
				A1000001233456780000015 /* UsageViewModel.swift */,
			);
			path = ViewModels;
			sourceTree = "<group>";
		};
		A1000001233456780000022 /* Views */ = {
			isa = PBXGroup;
			children = (
				A1000001233456780000016 /* MenuBarView.swift */,
				A1000001233456780000017 /* UsageProgressView.swift */,
				A1000001233456780000018 /* SettingsView.swift */,
				A1000001233456780000033 /* TeamDashboardView.swift */,
				A1000001233456780000034 /* SetupView.swift */,
				A1000001233456780000035 /* AdminKeyInputView.swift */,
			);
			path = Views;
			sourceTree = "<group>";
		};
/* End PBXGroup section */

/* Begin PBXNativeTarget section */
		A1000001233456780000023 /* ClaudeUsageWidget */ = {
			isa = PBXNativeTarget;
			buildConfigurationList = A1000001233456780000024 /* Build configuration list for PBXNativeTarget "ClaudeUsageWidget" */;
			buildPhases = (
				A1000001233456780000025 /* Sources */,
				A100000123345678000001B /* Frameworks */,
				A1000001233456780000026 /* Resources */,
			);
			buildRules = (
			);
			dependencies = (
			);
			name = ClaudeUsageWidget;
			productName = ClaudeUsageWidget;
			productReference = A1000001233456780000010 /* ClaudeUsageWidget.app */;
			productType = "com.apple.product-type.application";
		};
/* End PBXNativeTarget section */

/* Begin PBXProject section */
		A1000001233456780000027 /* Project object */ = {
			isa = PBXProject;
			attributes = {
				BuildIndependentTargetsInParallel = 1;
				LastSwiftUpdateCheck = 1500;
				LastUpgradeCheck = 1500;
				TargetAttributes = {
					A1000001233456780000023 = {
						CreatedOnToolsVersion = 15.0;
					};
				};
			};
			buildConfigurationList = A1000001233456780000028 /* Build configuration list for PBXProject "ClaudeUsageWidget" */;
			compatibilityVersion = "Xcode 14.0";
			developmentRegion = en;
			hasScannedForEncodings = 0;
			knownRegions = (
				en,
				Base,
			);
			mainGroup = A100000123345678000001C;
			productRefGroup = A100000123345678000001E /* Products */;
			projectDirPath = "";
			projectRoot = "";
			targets = (
				A1000001233456780000023 /* ClaudeUsageWidget */,
			);
		};
/* End PBXProject section */

/* Begin PBXResourcesBuildPhase section */
		A1000001233456780000026 /* Resources */ = {
			isa = PBXResourcesBuildPhase;
			buildActionMask = 2147483647;
			files = (
				A1000001233456780000009 /* Assets.xcassets in Resources */,
			);
			runOnlyForDeploymentPostprocessing = 0;
		};
/* End PBXResourcesBuildPhase section */

/* Begin PBXSourcesBuildPhase section */
		A1000001233456780000025 /* Sources */ = {
			isa = PBXSourcesBuildPhase;
			buildActionMask = 2147483647;
			files = (
				A1000001233456780000001 /* ClaudeUsageWidgetApp.swift in Sources */,
				A1000001233456780000002 /* UsageData.swift in Sources */,
				A100000123345678000000A /* Account.swift in Sources */,
				A1000001233456780000003 /* KeychainService.swift in Sources */,
				A100000123345678000000B /* TokenService.swift in Sources */,
				A100000123345678000000C /* FileCredentialService.swift in Sources */,
				A1000001233456780000004 /* UsageAPIService.swift in Sources */,
				A1000001233456780000005 /* UsageViewModel.swift in Sources */,
				A1000001233456780000006 /* MenuBarView.swift in Sources */,
				A1000001233456780000007 /* UsageProgressView.swift in Sources */,
				A1000001233456780000008 /* SettingsView.swift in Sources */,
				A100000123345678000003F /* TeamUsageData.swift in Sources */,
				A1000001233456780000040 /* AppSettings.swift in Sources */,
				A1000001233456780000041 /* AdminAPIService.swift in Sources */,
				A1000001233456780000042 /* TeamDashboardView.swift in Sources */,
				A1000001233456780000043 /* SetupView.swift in Sources */,
				A1000001233456780000044 /* AdminKeyInputView.swift in Sources */,
			);
			runOnlyForDeploymentPostprocessing = 0;
		};
/* End PBXSourcesBuildPhase section */

/* Begin XCBuildConfiguration section */
		A1000001233456780000029 /* Debug */ = {
			isa = XCBuildConfiguration;
			buildSettings = {
				ALWAYS_SEARCH_USER_PATHS = NO;
				ASSETCATALOG_COMPILER_GENERATE_SWIFT_ASSET_SYMBOL_EXTENSIONS = YES;
				CLANG_ANALYZER_NONNULL = YES;
				CLANG_ANALYZER_NUMBER_OBJECT_CONVERSION = YES_AGGRESSIVE;
				CLANG_CXX_LANGUAGE_STANDARD = "gnu++20";
				CLANG_ENABLE_MODULES = YES;
				CLANG_ENABLE_OBJC_ARC = YES;
				CLANG_ENABLE_OBJC_WEAK = YES;
				CLANG_WARN_BLOCK_CAPTURE_AUTORELEASING = YES;
				CLANG_WARN_BOOL_CONVERSION = YES;
				CLANG_WARN_COMMA = YES;
				CLANG_WARN_CONSTANT_CONVERSION = YES;
				CLANG_WARN_DEPRECATED_OBJC_IMPLEMENTATIONS = YES;
				CLANG_WARN_DIRECT_OBJC_ISA_USAGE = YES_ERROR;
				CLANG_WARN_DOCUMENTATION_COMMENTS = YES;
				CLANG_WARN_EMPTY_BODY = YES;
				CLANG_WARN_ENUM_CONVERSION = YES;
				CLANG_WARN_INFINITE_RECURSION = YES;
				CLANG_WARN_INT_CONVERSION = YES;
				CLANG_WARN_NON_LITERAL_NULL_CONVERSION = YES;
				CLANG_WARN_OBJC_IMPLICIT_RETAIN_SELF = YES;
				CLANG_WARN_OBJC_LITERAL_CONVERSION = YES;
				CLANG_WARN_OBJC_ROOT_CLASS = YES_ERROR;
				CLANG_WARN_QUOTED_INCLUDE_IN_FRAMEWORK_HEADER = YES;
				CLANG_WARN_RANGE_LOOP_ANALYSIS = YES;
				CLANG_WARN_STRICT_PROTOTYPES = YES;
				CLANG_WARN_SUSPICIOUS_MOVE = YES;
				CLANG_WARN_UNGUARDED_AVAILABILITY = YES_AGGRESSIVE;
				CLANG_WARN_UNREACHABLE_CODE = YES;
				CLANG_WARN__DUPLICATE_METHOD_MATCH = YES;
				COPY_PHASE_STRIP = NO;
				DEBUG_INFORMATION_FORMAT = dwarf;
				ENABLE_STRICT_OBJC_MSGSEND = YES;
				ENABLE_TESTABILITY = YES;
				ENABLE_USER_SCRIPT_SANDBOXING = YES;
				GCC_C_LANGUAGE_STANDARD = gnu17;
				GCC_DYNAMIC_NO_PIC = NO;
				GCC_NO_COMMON_BLOCKS = YES;
				GCC_OPTIMIZATION_LEVEL = 0;
				GCC_PREPROCESSOR_DEFINITIONS = (
					"DEBUG=1",
					"$(inherited)",
				);
				GCC_WARN_64_TO_32_BIT_CONVERSION = YES;
				GCC_WARN_ABOUT_RETURN_TYPE = YES_ERROR;
				GCC_WARN_UNDECLARED_SELECTOR = YES;
				GCC_WARN_UNINITIALIZED_AUTOS = YES_AGGRESSIVE;
				GCC_WARN_UNUSED_FUNCTION = YES;
				GCC_WARN_UNUSED_VARIABLE = YES;
				LOCALIZATION_PREFERS_STRING_CATALOGS = YES;
				MACOSX_DEPLOYMENT_TARGET = 13.0;
				MTL_ENABLE_DEBUG_INFO = INCLUDE_SOURCE;
				MTL_FAST_MATH = YES;
				ONLY_ACTIVE_ARCH = YES;
				SDKROOT = macosx;
				SWIFT_ACTIVE_COMPILATION_CONDITIONS = "DEBUG $(inherited)";
				SWIFT_OPTIMIZATION_LEVEL = "-Onone";
			};
			name = Debug;
		};
		A100000123345678000002A /* Release */ = {
			isa = XCBuildConfiguration;
			buildSettings = {
				ALWAYS_SEARCH_USER_PATHS = NO;
				ASSETCATALOG_COMPILER_GENERATE_SWIFT_ASSET_SYMBOL_EXTENSIONS = YES;
				CLANG_ANALYZER_NONNULL = YES;
				CLANG_ANALYZER_NUMBER_OBJECT_CONVERSION = YES_AGGRESSIVE;
				CLANG_CXX_LANGUAGE_STANDARD = "gnu++20";
				CLANG_ENABLE_MODULES = YES;
				CLANG_ENABLE_OBJC_ARC = YES;
				CLANG_ENABLE_OBJC_WEAK = YES;
				CLANG_WARN_BLOCK_CAPTURE_AUTORELEASING = YES;
				CLANG_WARN_BOOL_CONVERSION = YES;
				CLANG_WARN_COMMA = YES;
				CLANG_WARN_CONSTANT_CONVERSION = YES;
				CLANG_WARN_DEPRECATED_OBJC_IMPLEMENTATIONS = YES;
				CLANG_WARN_DIRECT_OBJC_ISA_USAGE = YES_ERROR;
				CLANG_WARN_DOCUMENTATION_COMMENTS = YES;
				CLANG_WARN_EMPTY_BODY = YES;
				CLANG_WARN_ENUM_CONVERSION = YES;
				CLANG_WARN_INFINITE_RECURSION = YES;
				CLANG_WARN_INT_CONVERSION = YES;
				CLANG_WARN_NON_LITERAL_NULL_CONVERSION = YES;
				CLANG_WARN_OBJC_IMPLICIT_RETAIN_SELF = YES;
				CLANG_WARN_OBJC_LITERAL_CONVERSION = YES;
				CLANG_WARN_OBJC_ROOT_CLASS = YES_ERROR;
				CLANG_WARN_QUOTED_INCLUDE_IN_FRAMEWORK_HEADER = YES;
				CLANG_WARN_RANGE_LOOP_ANALYSIS = YES;
				CLANG_WARN_STRICT_PROTOTYPES = YES;
				CLANG_WARN_SUSPICIOUS_MOVE = YES;
				CLANG_WARN_UNGUARDED_AVAILABILITY = YES_AGGRESSIVE;
				CLANG_WARN_UNREACHABLE_CODE = YES;
				CLANG_WARN__DUPLICATE_METHOD_MATCH = YES;
				COPY_PHASE_STRIP = NO;
				DEBUG_INFORMATION_FORMAT = "dwarf-with-dsym";
				ENABLE_NS_ASSERTIONS = NO;
				ENABLE_STRICT_OBJC_MSGSEND = YES;
				ENABLE_USER_SCRIPT_SANDBOXING = YES;
				GCC_C_LANGUAGE_STANDARD = gnu17;
				GCC_NO_COMMON_BLOCKS = YES;
				GCC_WARN_64_TO_32_BIT_CONVERSION = YES;
				GCC_WARN_ABOUT_RETURN_TYPE = YES_ERROR;
				GCC_WARN_UNDECLARED_SELECTOR = YES;
				GCC_WARN_UNINITIALIZED_AUTOS = YES_AGGRESSIVE;
				GCC_WARN_UNUSED_FUNCTION = YES;
				GCC_WARN_UNUSED_VARIABLE = YES;
				LOCALIZATION_PREFERS_STRING_CATALOGS = YES;
				MACOSX_DEPLOYMENT_TARGET = 13.0;
				MTL_ENABLE_DEBUG_INFO = NO;
				MTL_FAST_MATH = YES;
				SDKROOT = macosx;
				SWIFT_COMPILATION_MODE = wholemodule;
			};
			name = Release;
		};
		A100000123345678000002B /* Debug */ = {
			isa = XCBuildConfiguration;
			buildSettings = {
				ASSETCATALOG_COMPILER_APPICON_NAME = AppIcon;
				ASSETCATALOG_COMPILER_GLOBAL_ACCENT_COLOR_NAME = AccentColor;
				CODE_SIGN_ENTITLEMENTS = ClaudeUsageWidget/ClaudeUsageWidget.entitlements;
				"CODE_SIGN_IDENTITY[sdk=macosx*]" = "Apple Development";
				CODE_SIGN_STYLE = Automatic;
				COMBINE_HIDPI_IMAGES = YES;
				CURRENT_PROJECT_VERSION = 1;
				DEVELOPMENT_TEAM = 53FBF5CS9U;
				ENABLE_APP_SANDBOX = NO;
				ENABLE_HARDENED_RUNTIME = YES;
				GENERATE_INFOPLIST_FILE = YES;
				INFOPLIST_KEY_LSApplicationCategoryType = "public.app-category.utilities";
				INFOPLIST_KEY_LSUIElement = YES;
				INFOPLIST_KEY_NSHumanReadableCopyright = "";
				LD_RUNPATH_SEARCH_PATHS = (
					"$(inherited)",
					"@executable_path/../Frameworks",
				);
				MARKETING_VERSION = 1.0;
				PRODUCT_BUNDLE_IDENTIFIER = com.liamwynne.ClaudeUsageWidget;
				PRODUCT_NAME = "$(TARGET_NAME)";
				SWIFT_EMIT_LOC_STRINGS = YES;
				SWIFT_VERSION = 5.0;
			};
			name = Debug;
		};
		A100000123345678000002C /* Release */ = {
			isa = XCBuildConfiguration;
			buildSettings = {
				ASSETCATALOG_COMPILER_APPICON_NAME = AppIcon;
				ASSETCATALOG_COMPILER_GLOBAL_ACCENT_COLOR_NAME = AccentColor;
				CODE_SIGN_ENTITLEMENTS = ClaudeUsageWidget/ClaudeUsageWidget.entitlements;
				"CODE_SIGN_IDENTITY[sdk=macosx*]" = "Apple Development";
				CODE_SIGN_STYLE = Automatic;
				COMBINE_HIDPI_IMAGES = YES;
				CURRENT_PROJECT_VERSION = 1;
				DEVELOPMENT_TEAM = 53FBF5CS9U;
				ENABLE_APP_SANDBOX = NO;
				ENABLE_HARDENED_RUNTIME = YES;
				GENERATE_INFOPLIST_FILE = YES;
				INFOPLIST_KEY_LSApplicationCategoryType = "public.app-category.utilities";
				INFOPLIST_KEY_LSUIElement = YES;
				INFOPLIST_KEY_NSHumanReadableCopyright = "";
				LD_RUNPATH_SEARCH_PATHS = (
					"$(inherited)",
					"@executable_path/../Frameworks",
				);
				MARKETING_VERSION = 1.0;
				PRODUCT_BUNDLE_IDENTIFIER = com.liamwynne.ClaudeUsageWidget;
				PRODUCT_NAME = "$(TARGET_NAME)";
				SWIFT_EMIT_LOC_STRINGS = YES;
				SWIFT_VERSION = 5.0;
			};
			name = Release;
		};
/* End XCBuildConfiguration section */

/* Begin XCConfigurationList section */
		A1000001233456780000024 /* Build configuration list for PBXNativeTarget "ClaudeUsageWidget" */ = {
			isa = XCConfigurationList;
			buildConfigurations = (
				A100000123345678000002B /* Debug */,
				A100000123345678000002C /* Release */,
			);
			defaultConfigurationIsVisible = 0;
			defaultConfigurationName = Release;
		};
		A1000001233456780000028 /* Build configuration list for PBXProject "ClaudeUsageWidget" */ = {
			isa = XCConfigurationList;
			buildConfigurations = (
				A1000001233456780000029 /* Debug */,
				A100000123345678000002A /* Release */,
			);
			defaultConfigurationIsVisible = 0;
			defaultConfigurationName = Release;
		};
/* End XCConfigurationList section */
	};
	rootObject = A1000001233456780000027 /* Project object */;
}
